{
    "_meta": {
        "hash": {
            "sha256": "5c342d32b03f9f6771254188dbbd3b01137690f715d39ee6198b3faa2a80d46a"
        },
        "pipfile-spec": 6,
        "requires": {
            "python_version": "3.6"
        },
        "sources": [
            {
                "name": "pypi",
                "url": "https://pypi.org/simple",
                "verify_ssl": true
            }
        ]
    },
    "default": {
        "absl-py": {
            "hashes": [
                "sha256:75e737d6ce7723d9ff9b7aa1ba3233c34be62ef18d5859e706b8fdc828989830"
            ],
            "version": "==0.9.0"
        },
        "astor": {
            "hashes": [
                "sha256:070a54e890cefb5b3739d19f30f5a5ec840ffc9c50ffa7d23cc9fc1a38ebbfc5",
                "sha256:6a6effda93f4e1ce9f618779b2dd1d9d84f1e32812c23a29b3fff6fd7f63fa5e"
            ],
            "version": "==0.8.1"
        },
        "certifi": {
            "hashes": [
                "sha256:1d987a998c75633c40847cc966fcf5904906c920a7f17ef374f5aa4282abd304",
                "sha256:51fcb31174be6e6664c5f69e3e1691a2d72a1a12e90f872cbdb1567eb47b6519"
            ],
            "version": "==2020.4.5.1"
        },
        "chardet": {
            "hashes": [
                "sha256:84ab92ed1c4d4f16916e05906b6b75a6c0fb5db821cc65e70cbd64a3e2a5eaae",
                "sha256:fc323ffcaeaed0e0a02bf4d117757b98aed530d9ed4531e3e15460124c106691"
            ],
            "version": "==3.0.4"
        },
        "cycler": {
            "hashes": [
                "sha256:1d8a5ae1ff6c5cf9b93e8811e581232ad8920aeec647c37316ceac982b08cb2d",
                "sha256:cd7b2d1018258d7247a71425e9f26463dfb444d411c39569972f4ce586b0c9d8"
            ],
            "version": "==0.10.0"
        },
        "django": {
            "hashes": [
                "sha256:84f370f6acedbe1f3c41e1a02de44ac206efda3355e427139ecb785b5f596d80",
                "sha256:e8fe3c2b2212dce6126becab7a693157f1a441a07b62ec994c046c76af5bb66d"
            ],
            "index": "pypi",
            "version": "==2.2.13"
        },
        "gast": {
            "hashes": [
                "sha256:8f46f5be57ae6889a4e16e2ca113b1703ef17f2b0abceb83793eaba9e1351a45",
                "sha256:b881ef288a49aa81440d2c5eb8aeefd4c2bb8993d5f50edae7413a85bfdb3b57"
            ],
            "version": "==0.3.3"
        },
        "grpcio": {
            "hashes": [
                "sha256:10cdc8946a7c2284bbc8e16d346eaa2beeaae86ea598f345df86d4ef7dfedb84",
                "sha256:23bc395a32c2465564cb242e48bdd2fdbe5a4aebf307649a800da1b971ee7f29",
                "sha256:2637ce96b7c954d2b71060f50eb4c72f81668f1b2faa6cbdc74677e405978901",
                "sha256:3d8c510b6eabce5192ce126003d74d7751c7218d3e2ad39fcf02400d7ec43abe",
                "sha256:5024b26e17a1bfc9390fb3b8077bf886eee02970af780fd23072970ef08cefe8",
                "sha256:517538a54afdd67162ea2af1ac3326c0752c5d13e6ddadbc4885f6a28e91ab28",
                "sha256:524ae8d3da61b856cf08abb3d0947df05402919e4be1f88328e0c1004031f72e",
                "sha256:54e4658c09084b09cd83a5ea3a8bce78e4031ff1010bb8908c399a22a76a6f08",
                "sha256:57c8cc2ae8cb94c3a89671af7e1380a4cdfcd6bab7ba303f4461ec32ded250ae",
                "sha256:5fd9ffe938e9225c654c60eb21ff011108cc27302db85200413807e0eda99a4a",
                "sha256:75b2247307a7ecaf6abc9eb2bd04af8f88816c111b87bf0044d7924396e9549c",
                "sha256:7bf3cb1e0f4a9c89f7b748583b994bdce183103d89d5ff486da48a7668a052c7",
                "sha256:7e02a7c40304eecee203f809a982732bd37fad4e798acad98fe73c66e44ff2db",
                "sha256:806c9759f5589b3761561187408e0313a35c5c53f075c7590effab8d27d67dfe",
                "sha256:80e9f9f6265149ca7c84e1c8c31c2cf3e2869c45776fbe8880a3133a11d6d290",
                "sha256:81bbf78a399e0ee516c81ddad8601f12af3fc9b30f2e4b2fbd64efd327304a4d",
                "sha256:886d48c32960b39e059494637eb0157a694956248d03b0de814447c188b74799",
                "sha256:97b72bf2242a351a89184134adbb0ae3b422e6893c6c712bc7669e2eab21501b",
                "sha256:97fcbdf1f12e0079d26db73da11ee35a09adc870b1e72fbff0211f6a8003a4e8",
                "sha256:9cfb4b71cc3c8757f137d47000f9d90d4bd818733f9ab4f78bd447e052a4cb9a",
                "sha256:9ef0370bcf629ece4e7e37796e4604e2514b920669be2911fc3f9c163a73a57b",
                "sha256:a6dddb177b3cfa0cfe299fb9e07d6a3382cc79466bef48fe9c4326d5c5b1dcb8",
                "sha256:a97ea91e31863c9a3879684b5fb3c6ab4b17c5431787548fc9f52b9483ea9c25",
                "sha256:b49f243936b0f6ae8eb6adf88a1e54e736f1c6724a1bff6b591d105d708263ad",
                "sha256:b85f355fc24b68a6c52f2750e7141110d1fcd07dfdc9b282de0000550fe0511b",
                "sha256:c3a0ef12ee86f6e72db50e01c3dba7735a76d8c30104b9b0f7fd9d65ceb9d93f",
                "sha256:da0ca9b1089d00e39a8b83deec799a4e5c37ec1b44d804495424acde50531868",
                "sha256:e90f3d11185c36593186e5ff1f581acc6ddfa4190f145b0366e579de1f52803b",
                "sha256:ebf0ccb782027ef9e213e03b6d00bbd8dabd80959db7d468c0738e6d94b5204c",
                "sha256:eede3039c3998e2cc0f6713f4ac70f235bd32967c9b958a17bf937aceebc12c3",
                "sha256:ff7931241351521b8df01d7448800ce0d59364321d8d82c49b826d455678ff08"
            ],
            "version": "==1.29.0"
        },
        "h5py": {
            "hashes": [
                "sha256:063947eaed5f271679ed4ffa36bb96f57bc14f44dd4336a827d9a02702e6ce6b",
                "sha256:13c87efa24768a5e24e360a40e0bc4c49bcb7ce1bb13a3a7f9902cec302ccd36",
                "sha256:16ead3c57141101e3296ebeed79c9c143c32bdd0e82a61a2fc67e8e6d493e9d1",
                "sha256:3dad1730b6470fad853ef56d755d06bb916ee68a3d8272b3bab0c1ddf83bb99e",
                "sha256:51ae56894c6c93159086ffa2c94b5b3388c0400548ab26555c143e7cfa05b8e5",
                "sha256:54817b696e87eb9e403e42643305f142cd8b940fe9b3b490bbf98c3b8a894cf4",
                "sha256:549ad124df27c056b2e255ea1c44d30fb7a17d17676d03096ad5cd85edb32dc1",
                "sha256:64f74da4a1dd0d2042e7d04cf8294e04ddad686f8eba9bb79e517ae582f6668d",
                "sha256:6998be619c695910cb0effe5eb15d3a511d3d1a5d217d4bd0bebad1151ec2262",
                "sha256:6ef7ab1089e3ef53ca099038f3c0a94d03e3560e6aff0e9d6c64c55fb13fc681",
                "sha256:769e141512b54dee14ec76ed354fcacfc7d97fea5a7646b709f7400cf1838630",
                "sha256:79b23f47c6524d61f899254f5cd5e486e19868f1823298bc0c29d345c2447172",
                "sha256:7be5754a159236e95bd196419485343e2b5875e806fe68919e087b6351f40a70",
                "sha256:84412798925dc870ffd7107f045d7659e60f5d46d1c70c700375248bf6bf512d",
                "sha256:86868dc07b9cc8cb7627372a2e6636cdc7a53b7e2854ad020c9e9d8a4d3fd0f5",
                "sha256:8bb1d2de101f39743f91512a9750fb6c351c032e5cd3204b4487383e34da7f75",
                "sha256:a5f82cd4938ff8761d9760af3274acf55afc3c91c649c50ab18fcff5510a14a5",
                "sha256:aac4b57097ac29089f179bbc2a6e14102dd210618e94d77ee4831c65f82f17c0",
                "sha256:bffbc48331b4a801d2f4b7dac8a72609f0b10e6e516e5c480a3e3241e091c878",
                "sha256:c0d4b04bbf96c47b6d360cd06939e72def512b20a18a8547fa4af810258355d5",
                "sha256:c54a2c0dd4957776ace7f95879d81582298c5daf89e77fb8bee7378f132951de",
                "sha256:cbf28ae4b5af0f05aa6e7551cee304f1d317dbed1eb7ac1d827cee2f1ef97a99",
                "sha256:d35f7a3a6cefec82bfdad2785e78359a0e6a5fbb3f605dd5623ce88082ccd681",
                "sha256:d3c59549f90a891691991c17f8e58c8544060fdf3ccdea267100fa5f561ff62f",
                "sha256:d7ae7a0576b06cb8e8a1c265a8bc4b73d05fdee6429bffc9a26a6eb531e79d72",
                "sha256:ecf4d0b56ee394a0984de15bceeb97cbe1fe485f1ac205121293fc44dcf3f31f",
                "sha256:f0e25bb91e7a02efccb50aba6591d3fe2c725479e34769802fcdd4076abfa917",
                "sha256:f23951a53d18398ef1344c186fb04b26163ca6ce449ebd23404b153fd111ded9",
                "sha256:ff7d241f866b718e4584fa95f520cb19405220c501bd3a53ee11871ba5166ea2"
            ],
            "version": "==2.10.0"
        },
        "idna": {
            "hashes": [
                "sha256:156a6814fb5ac1fc6850fb002e0852d56c0c8d2531923a51032d1b70760e186e",
                "sha256:684a38a6f903c1d71d6d5fac066b58d7768af4de2b832e426ec79c30daa94a16"
            ],
            "version": "==2.7"
        },
        "importlib-metadata": {
            "hashes": [
                "sha256:2a688cbaa90e0cc587f1df48bdc97a6eadccdcd9c35fb3f976a09e3b5016d90f",
                "sha256:34513a8a0c4962bc66d35b359558fd8a5e10cd472d37aec5f66858addef32c1e"
            ],
            "markers": "python_version < '3.8'",
            "version": "==1.6.0"
        },
        "keras-applications": {
            "hashes": [
                "sha256:5579f9a12bcde9748f4a12233925a59b93b73ae6947409ff34aa2ba258189fe5",
                "sha256:df4323692b8c1174af821bf906f1e442e63fa7589bf0f1230a0b6bdc5a810c95"
            ],
            "version": "==1.0.8"
        },
        "keras-preprocessing": {
            "hashes": [
                "sha256:7b82029b130ff61cc99b55f3bd27427df4838576838c5b2f65940e4fcec99a7b",
                "sha256:add82567c50c8bc648c14195bf544a5ce7c1f76761536956c3d2978970179ef3"
            ],
            "version": "==1.1.2"
        },
        "kiwisolver": {
            "hashes": [
                "sha256:03662cbd3e6729f341a97dd2690b271e51a67a68322affab12a5b011344b973c",
                "sha256:18d749f3e56c0480dccd1714230da0f328e6e4accf188dd4e6884bdd06bf02dd",
                "sha256:247800260cd38160c362d211dcaf4ed0f7816afb5efe56544748b21d6ad6d17f",
                "sha256:443c2320520eda0a5b930b2725b26f6175ca4453c61f739fef7a5847bd262f74",
                "sha256:4eadb361baf3069f278b055e3bb53fa189cea2fd02cb2c353b7a99ebb4477ef1",
                "sha256:556da0a5f60f6486ec4969abbc1dd83cf9b5c2deadc8288508e55c0f5f87d29c",
                "sha256:603162139684ee56bcd57acc74035fceed7dd8d732f38c0959c8bd157f913fec",
                "sha256:60a78858580761fe611d22127868f3dc9f98871e6fdf0a15cc4203ed9ba6179b",
                "sha256:7cc095a4661bdd8a5742aaf7c10ea9fac142d76ff1770a0f84394038126d8fc7",
                "sha256:c31bc3c8e903d60a1ea31a754c72559398d91b5929fcb329b1c3a3d3f6e72113",
                "sha256:c955791d80e464da3b471ab41eb65cf5a40c15ce9b001fdc5bbc241170de58ec",
                "sha256:d069ef4b20b1e6b19f790d00097a5d5d2c50871b66d10075dab78938dc2ee2cf",
                "sha256:d52b989dc23cdaa92582ceb4af8d5bcc94d74b2c3e64cd6785558ec6a879793e",
                "sha256:e586b28354d7b6584d8973656a7954b1c69c93f708c0c07b77884f91640b7657",
                "sha256:efcf3397ae1e3c3a4a0a0636542bcad5adad3b1dd3e8e629d0b6e201347176c8",
                "sha256:fccefc0d36a38c57b7bd233a9b485e2f1eb71903ca7ad7adacad6c28a56d62d2"
            ],
            "version": "==1.2.0"
        },
        "markdown": {
            "hashes": [
                "sha256:1fafe3f1ecabfb514a5285fca634a53c1b32a81cb0feb154264d55bf2ff22c17",
                "sha256:c467cd6233885534bf0fe96e62e3cf46cfc1605112356c4f9981512b8174de59"
            ],
            "version": "==3.2.2"
        },
        "matplotlib": {
            "hashes": [
                "sha256:66a6b7264fb200dd217ebc95c53d59b5e5fa8cac6b8a650a50ed05438667ff32",
                "sha256:69ff0d7139f3886be552ff29478c886b461081c0afb3a3ad46afb1a445bae722",
                "sha256:70f8782c50ac2c7617aad0fa5ba59fc49f690a851d6afc0178813c49767644dd",
                "sha256:716caa55ebfb82d66f7a5584ad818b349998d9cf7e6282e5eda5fdddf4752742",
                "sha256:91bf4be2477aa7408131ae1a499b1c8904ea8eb1eb3f88412b4809ebe0698868",
                "sha256:d1bd008db1e389d14523345719c30fd0fb3c724b71ae098360c3c8e85b7c560f",
                "sha256:d419a5fb5654f620756ad9883bc3f1db6875f6f2760c367bee775357d1bbb38c",
                "sha256:dc5b097546eeadc3a91eee35a1dbbf876e78ebed83b934c391f0f14605234c76",
                "sha256:de25d893f54e1d50555e4a4babf66d337917499c33c78a24216838b3d2c6bf3b",
                "sha256:e4ad891787ad2f181e7582997520a19912990b5d0644b1fdaae365b6699b953f",
                "sha256:e69ab0def9b053f4ea5800306ff9c671776a2d151ec6b206465309bb468c0bcc",
                "sha256:e9d37b22467e0e4d6f989892a998db5f59ddbf3ab811b515585dfdde9aacc5f9",
                "sha256:ee4471dd1c5ed03f2f46149af351b7a2e6618eced329660f1b4b8bf573422b70"
            ],
            "index": "pypi",
            "version": "==3.0.1"
        },
        "numpy": {
            "hashes": [
                "sha256:032df9b6571c5f1d41ea6f6a189223208cb488990373aa686aca55570fcccb42",
                "sha256:094f8a83e5bd0a44a7557fa24a46db6ba7d5299c389ddbc9e0e18722f567fb63",
                "sha256:1c0c80e74759fa4942298044274f2c11b08c86230b25b8b819e55e644f5ff2b6",
                "sha256:2aa0910eaeb603b1a5598193cc3bc8eacf1baf6c95cbc3955eb8e15fa380c133",
                "sha256:2f5ebc7a04885c7d69e5daa05208faef4db7f1ae6a99f4d36962df8cd54cdc76",
                "sha256:32a07241cb624e104b88b08dea2851bf4ec5d65a1f599d7735041ced7171fd7a",
                "sha256:3c7959f750b54b445f14962a3ddc41b9eadbab00b86da55fbb1967b2b79aad10",
                "sha256:3d8f9273c763a139a99e65c2a3c10f1109df30bedae7f011b10d95c538364704",
                "sha256:63bca71691339d2d6f8a7c970821f2b12098a53afccc0190d4e1555e75e5223a",
                "sha256:7ae9c3baff3b989859c88e0168ad10902118595b996bf781eaf011bb72428798",
                "sha256:866a7c8774ccc7d603667fad95456b4cf56d79a2bb5a7648ac9f0082e0b9416e",
                "sha256:8bc4b92a273659e44ca3f3a2f8786cfa39d8302223bcfe7df794429c63d5f5a1",
                "sha256:919f65e0732195474897b1cafefb4d4e7c2bb8174a725e506b62e9096e4df28d",
                "sha256:9d1598573d310104acb90377f0a8c2319f737084689f5eb18012becaf345cda5",
                "sha256:9fff90c88bfaad2901be50453d5cd7897a826c1d901f0654ee1d73ab3a48cd18",
                "sha256:a245464ddf6d90e2d6287e9cef6bcfda2a99467fdcf1b677b99cd0b6c7b43de2",
                "sha256:a988db28f54e104a01e8573ceb6f28202b4c15635b1450b2e3b2b822c6564f9b",
                "sha256:b12fe6f31babb9477aa0f9692730654b3ee0e71f33b4568170dfafd439caf0a2",
                "sha256:b7599ff4acd23f5de983e3aec772153b1043e131487a5c6ad0f94b41a828877a",
                "sha256:c9f4dafd6065c4c782be84cd67ceeb9b1d4380af60a7af32be10ebecd723385e",
                "sha256:ce3622b73ccd844ba301c1aea65d36cf9d8331e7c25c16b1725d0f14db99aaf4",
                "sha256:d0f36a24cf8061a2c03e151be3418146717505b9b4ec17502fa3bbdb04ec1431",
                "sha256:d263f8f14f2da0c079c0297e829e550d8f2c4e0ffef215506bd1d0ddd2bff3de",
                "sha256:d8837ff272800668aabdfe70b966631914b0d6513aed4fc1b1428446f771834d",
                "sha256:ef694fe72a3995aa778a5095bda946e0d31f7efabd5e8063ad8c6238ab7d3f78",
                "sha256:f1fd1a6f40a501ba4035f5ed2c1f4faa68245d1407bf97d2ee401e4f23d1720b",
                "sha256:fa337b6bd5fe2b8c4e705f4102186feb9985de9bb8536d32d5129a658f1789e0",
                "sha256:febd31cd0d2fd2509ca2ec53cb339f8bf593c1bd245b9fc55c1917a68532a0af"
            ],
            "index": "pypi",
            "version": "==1.15.3"
        },
        "pandas": {
            "hashes": [
                "sha256:11975fad9edbdb55f1a560d96f91830e83e29bed6ad5ebf506abda09818eaf60",
                "sha256:12e13d127ca1b585dd6f6840d3fe3fa6e46c36a6afe2dbc5cb0b57032c902e31",
                "sha256:1c87fcb201e1e06f66e23a61a5fea9eeebfe7204a66d99df24600e3f05168051",
                "sha256:242e9900de758e137304ad4b5663c2eff0d798c2c3b891250bd0bd97144579da",
                "sha256:26c903d0ae1542890cb9abadb4adcb18f356b14c2df46e4ff657ae640e3ac9e7",
                "sha256:2e1e88f9d3e5f107b65b59cd29f141995597b035d17cc5537e58142038942e1a",
                "sha256:31b7a48b344c14691a8e92765d4023f88902ba3e96e2e4d0364d3453cdfd50db",
                "sha256:4fd07a932b4352f8a8973761ab4e84f965bf81cc750fb38e04f01088ab901cb8",
                "sha256:5b24ca47acf69222e82530e89111dd9d14f9b970ab2cd3a1c2c78f0c4fbba4f4",
                "sha256:647b3b916cc8f6aeba240c8171be3ab799c3c1b2ea179a3be0bd2712c4237553",
                "sha256:66b060946046ca27c0e03e9bec9bba3e0b918bafff84c425ca2cc2e157ce121e",
                "sha256:6efa9fa6e1434141df8872d0fa4226fc301b17aacf37429193f9d70b426ea28f",
                "sha256:be4715c9d8367e51dbe6bc6d05e205b1ae234f0dc5465931014aa1c4af44c1ba",
                "sha256:bea90da782d8e945fccfc958585210d23de374fa9294a9481ed2abcef637ebfc",
                "sha256:d318d77ab96f66a59e792a481e2701fba879e1a453aefeebdb17444fe204d1ed",
                "sha256:d785fc08d6f4207437e900ffead930a61e634c5e4f980ba6d3dc03c9581748c7",
                "sha256:de9559287c4fe8da56e8c3878d2374abc19d1ba2b807bfa7553e912a8e5ba87c",
                "sha256:f4f98b190bb918ac0bc0e3dd2ab74ff3573da9f43106f6dba6385406912ec00f",
                "sha256:f71f1a7e2d03758f6e957896ed696254e2bc83110ddbc6942018f1a232dd9dad",
                "sha256:fb944c8f0b0ab5c1f7846c686bc4cdf8cde7224655c12edcd59d5212cd57bec0"
            ],
            "index": "pypi",
            "version": "==0.23.4"
        },
        "protobuf": {
            "hashes": [
                "sha256:304e08440c4a41a0f3592d2a38934aad6919d692bb0edfb355548786728f9a5e",
                "sha256:49ef8ab4c27812a89a76fa894fe7a08f42f2147078392c0dee51d4a444ef6df5",
                "sha256:50b5fee674878b14baea73b4568dc478c46a31dd50157a5b5d2f71138243b1a9",
                "sha256:5524c7020eb1fb7319472cb75c4c3206ef18b34d6034d2ee420a60f99cddeb07",
                "sha256:612bc97e42b22af10ba25e4140963fbaa4c5181487d163f4eb55b0b15b3dfcd2",
                "sha256:6f349adabf1c004aba53f7b4633459f8ca8a09654bf7e69b509c95a454755776",
                "sha256:85b94d2653b0fdf6d879e39d51018bf5ccd86c81c04e18a98e9888694b98226f",
                "sha256:87535dc2d2ef007b9d44e309d2b8ea27a03d2fa09556a72364d706fcb7090828",
                "sha256:a7ab28a8f1f043c58d157bceb64f80e4d2f7f1b934bc7ff5e7f7a55a337ea8b0",
                "sha256:a96f8fc625e9ff568838e556f6f6ae8eca8b4837cdfb3f90efcb7c00e342a2eb",
                "sha256:b5a114ea9b7fc90c2cc4867a866512672a47f66b154c6d7ee7e48ddb68b68122",
                "sha256:be04fe14ceed7f8641e30f36077c1a654ff6f17d0c7a5283b699d057d150d82a",
                "sha256:bff02030bab8b969f4de597543e55bd05e968567acb25c0a87495a31eb09e925",
                "sha256:c9ca9f76805e5a637605f171f6c4772fc4a81eced4e2f708f79c75166a2c99ea",
                "sha256:e1464a4a2cf12f58f662c8e6421772c07947266293fb701cb39cd9c1e183f63c",
                "sha256:e72736dd822748b0721f41f9aaaf6a5b6d5cfc78f6c8690263aef8bba4457f0e",
                "sha256:eafe9fa19fcefef424ee089fb01ac7177ff3691af7cc2ae8791ae523eb6ca907",
                "sha256:f4b73736108a416c76c17a8a09bc73af3d91edaa26c682aaa460ef91a47168d3"
            ],
            "version": "==3.12.2"
        },
        "psycopg2-binary": {
            "hashes": [
                "sha256:04afb59bbbd2eab3148e6816beddc74348078b8c02a1113ea7f7822f5be4afe3",
                "sha256:098b18f4d8857a8f9b206d1dc54db56c2255d5d26458917e7bcad61ebfe4338f",
                "sha256:0bf855d4a7083e20ead961fda4923887094eaeace0ab2d76eb4aa300f4bbf5bd",
                "sha256:197dda3ffd02057820be83fe4d84529ea70bf39a9a4daee1d20ffc74eb3d042e",
                "sha256:278ef63afb4b3d842b4609f2c05ffbfb76795cf6a184deeb8707cd5ed3c981a5",
                "sha256:3cbf8c4fc8f22f0817220891cf405831559f4d4c12c4f73913730a2ea6c47a47",
                "sha256:4305aed922c4d9d6163ab3a41d80b5a1cfab54917467da8168552c42cad84d32",
                "sha256:47ee296f704fb8b2a616dec691cdcfd5fa0f11943955e88faa98cbd1dc3b3e3d",
                "sha256:4a0e38cb30457e70580903367161173d4a7d1381eb2f2cfe4e69b7806623f484",
                "sha256:4d6c294c6638a71cafb82a37f182f24321f1163b08b5d5ca076e11fe838a3086",
                "sha256:4f3233c366500730f839f92833194fd8f9a5c4529c8cd8040aa162c3740de8e5",
                "sha256:5221f5a3f4ca2ddf0d58e8b8a32ca50948be9a43351fda797eb4e72d7a7aa34d",
                "sha256:5c6ca0b507540a11eaf9e77dee4f07c131c2ec80ca0cffa146671bf690bc1c02",
                "sha256:789bd89d71d704db2b3d5e67d6d518b158985d791d3b2dec5ab85457cfc9677b",
                "sha256:7b94d29239efeaa6a967f3b5971bd0518d2a24edd1511edbf4a2c8b815220d07",
                "sha256:89bc65ef3301c74cf32db25334421ea6adbe8f65601ea45dcaaf095abed910bb",
                "sha256:89d6d3a549f405c20c9ae4dc94d7ed2de2fa77427a470674490a622070732e62",
                "sha256:97521704ac7127d7d8ba22877da3c7bf4a40366587d238ec679ff38e33177498",
                "sha256:a395b62d5f44ff6f633231abe568e2203b8fabf9797cd6386aa92497df912d9a",
                "sha256:a6d32c37f714c3f34158f3fa659f3a8f2658d5f53c4297d45579b9677cc4d852",
                "sha256:a89ee5c26f72f2d0d74b991ce49e42ddeb4ac0dc2d8c06a0f2770a1ab48f4fe0",
                "sha256:b4c8b0ef3608e59317bfc501df84a61e48b5445d45f24d0391a24802de5f2d84",
                "sha256:b5fcf07140219a1f71e18486b8dc28e2e1b76a441c19374805c617aa6d9a9d55",
                "sha256:b86f527f00956ecebad6ab3bb30e3a75fedf1160a8716978dd8ce7adddedd86f",
                "sha256:be4c4aa22ba22f70de36c98b06480e2f1697972d49eb20d525f400d204a6d272",
                "sha256:c2ac7aa1a144d4e0e613ac7286dae85671e99fe7a1353954d4905629c36b811c",
                "sha256:de26ef4787b5e778e8223913a3e50368b44e7480f83c76df1f51d23bd21cea16",
                "sha256:e70ebcfc5372dc7b699c0110454fc4263967f30c55454397e5769eb72c0eb0ce",
                "sha256:eadbd32b6bc48b67b0457fccc94c86f7ccc8178ab839f684eb285bb592dc143e",
                "sha256:ecbc6dfff6db06b8b72ae8a2f25ff20fbdcb83cb543811a08f7cb555042aa729"
            ],
            "index": "pypi",
            "version": "==2.7.5"
        },
        "pyparsing": {
            "hashes": [
                "sha256:c203ec8783bf771a155b207279b9bccb8dea02d8f0c9e5f8ead507bc3246ecc1",
                "sha256:ef9d7589ef3c200abe66653d3f1ab1033c3c419ae9b9bdb1240a85b024efc88b"
            ],
            "version": "==2.4.7"
        },
        "python-dateutil": {
            "hashes": [
                "sha256:2f13d3ea236aeb237e7258d5729c46eafe1506fd7f8507f34730734ed8b37454",
                "sha256:f7cde3aecf8a797553d6ec49b65f0fbcffe7ffb971ccac452d181c28fd279936"
            ],
            "index": "pypi",
            "version": "==2.7.4"
        },
        "pytz": {
            "hashes": [
                "sha256:a494d53b6d39c3c6e44c3bec237336e14305e4f29bbf800b599253057fbb79ed",
                "sha256:c35965d010ce31b23eeb663ed3cc8c906275d6be1a34393a1d73a41febf4a048"
            ],
            "version": "==2020.1"
        },
        "requests": {
            "hashes": [
                "sha256:99dcfdaaeb17caf6e526f32b6a7b780461512ab3f1d992187801694cba42770c",
                "sha256:a84b8c9ab6239b578f22d1c21d51b696dcfe004032bb80ea832398d6909d7279"
            ],
            "index": "pypi",
            "version": "==2.20.0"
        },
        "six": {
            "hashes": [
                "sha256:30639c035cdb23534cd4aa2dd52c3bf48f06e5f4a941509c8bafd8ce11080259",
                "sha256:8b74bedcbbbaca38ff6d7491d76f2b06b3592611af620f8426e82dddb04a5ced"
            ],
            "version": "==1.15.0"
        },
        "sqlparse": {
            "hashes": [
                "sha256:022fb9c87b524d1f7862b3037e541f68597a730a8843245c349fc93e1643dc4e",
                "sha256:e162203737712307dfe78860cc56c8da8a852ab2ee33750e33aeadf38d12c548"
            ],
            "version": "==0.3.1"
        },
        "tensorboard": {
            "hashes": [
                "sha256:9b3098fa6f2bdef0468e9424ca8165a22fa820479d34d3137b60d684ff196dda",
                "sha256:c5adadd4ba12aa8a036d46591c17ceda93033df12ab1ea8e265194645f597ed6"
            ],
            "version": "==1.11.0"
        },
        "tensorflow": {
            "hashes": [
                "sha256:12750d7b5950eb6afff9027099e114ee293cbac9fa0b407fa1405e0dea334be6",
                "sha256:22eef543ffd3c1d85529cf7c316ee052a93b41fe522090ee9e35166639e61426",
                "sha256:233896512caef88cf1c14d9bfca047a0d8c331ebbcef37d53f1eebbbfaf780e8",
                "sha256:27e5c8204e89399b21b5e34a8b01c37c9adc0bde284b818d0dad1d31f0ebe4e7",
                "sha256:5864812450ae4d9357341e83a4d90aa75bd8cc81a0dfade25c9597e45bea26a5",
                "sha256:839210413f4172b180426a8252904ee9d3f374da6f9c1c8ed67a2e2531a11235",
                "sha256:89eca3ff731213f03d122d331252e504dbcf1f429663281f4b8e8d83c8762899",
                "sha256:8aa98c80817fc67510a3a99769d71a66499cc7164c0c46f19d084cc9b1f937a8",
                "sha256:8e70949273d52fe85c2f85c3159e0fcc666773beaae75a52ae9d90d71f599cc6",
                "sha256:b493edf82a840bc4539bc9303ed8ef7188475213e3057822513c892654208a9a",
                "sha256:b680435e7fe7d1c977bd9dcc6d18edaee230fef40c37a4dc3a0ecb65ac2b9087",
                "sha256:d9ee31c5d763b5228d98f1ce206a0f4d43f766d77c7486d010fcbe3231189cce"
            ],
            "index": "pypi",
            "version": "==1.11.0"
        },
        "termcolor": {
            "hashes": [
                "sha256:1d6d69ce66211143803fbc56652b41d73b4a400a2891d7bf7a1cdf4c02de613b"
            ],
            "version": "==1.1.0"
        },
        "urllib3": {
            "hashes": [
                "sha256:2393a695cd12afedd0dcb26fe5d50d0cf248e5a66f75dbd89a3d4eb333a61af4",
                "sha256:a637e5fae88995b256e3409dc4d52c2e2e0ba32c42a6365fee8bbd2238de3cfb"
            ],
            "version": "==1.24.3"
        },
        "werkzeug": {
            "hashes": [
                "sha256:2de2a5db0baeae7b2d2664949077c2ac63fbd16d98da0ff71837f7d1dea3fd43",
                "sha256:6c80b1e5ad3665290ea39320b91e1be1e0d5f60652b964a3070216de83d2e47c"
            ],
            "version": "==1.0.1"
        },
        "wheel": {
            "hashes": [
                "sha256:8788e9155fe14f54164c1b9eb0a319d98ef02c160725587ad60f14ddc57b6f96",
                "sha256:df277cb51e61359aba502208d680f90c0493adec6f0e848af94948778aed386e"
            ],
            "markers": "python_version >= '3'",
            "version": "==0.34.2"
        },
        "zipp": {
            "hashes": [
                "sha256:aa36550ff0c0b7ef7fa639055d797116ee891440eac1a56f378e2d3179e0320b",
                "sha256:c599e4d75c98f6798c509911d08a22e6c021d074469042177c8c86fb92eefd96"
            ],
            "version": "==3.1.0"
        }
    },
    "develop": {}
}
